
Microsoft Visual Studio Solution File, Format Version 12.00
# Visual Studio Version 16
VisualStudioVersion = 16.0.32126.315
MinimumVisualStudioVersion = 10.0.40219.1
Project("{FAE04EC0-301F-11D3-BF4B-00C04F79EFBC}") = "WpfApp2", "WpfApp2\WpfApp2.csproj", "{A521BBFE-0839-44F0-A0C7-491C72B872F4}"
EndProject
Global
	GlobalSection(SolutionConfigurationPlatforms) = preSolution
		Debug|Any CPU = Debug|Any CPU
		Release|Any CPU = Release|Any CPU
	EndGlobalSection
	GlobalSection(ProjectConfigurationPlatforms) = postSolution
		{A521BBFE-0839-44F0-A0C7-491C72B872F4}.Debug|Any CPU.ActiveCfg = Debug|Any CPU
		{A521BBFE-0839-44F0-A0C7-491C72B872F4}.Debug|Any CPU.Build.0 = Debug|Any CPU
		{A521BBFE-0839-44F0-A0C7-491C72B872F4}.Release|Any CPU.ActiveCfg = Release|Any CPU
		{A521BBFE-0839-44F0-A0C7-491C72B872F4}.Release|Any CPU.Build.0 = Release|Any CPU
	EndGlobalSection
	GlobalSection(SolutionProperties) = preSolution
		HideSolutionNode = FALSE
	EndGlobalSection
	GlobalSection(ExtensibilityGlobals) = postSolution
		SolutionGuid = {ACF119AF-D6D0-4CD5-BD79-7A2C3ADC85D1}
	EndGlobalSection
EndGlobal
